
Microsoft Visual Studio Solution File, Format Version 12.00
# 
Project("{FAE04EC0-301F-11D3-BF4B-00C04F79EFBC}") = "FirstMapper", "FirstMapper\FirstMapper.csproj", "{A2413EEE-3E3A-4CE6-B286-A71A589B5CAE}"
EndProject
Project("{2150E333-8FDC-42A3-9474-1A3956D46DE8}") = "Solution Items", "Solution Items", "{0EA4A000-0078-4EF0-BAA8-FA492DEE261C}"
	ProjectSection(SolutionItems) = preProject
		compose.yaml = compose.yaml
	EndProjectSection
EndProject
Project("{FAE04EC0-301F-11D3-BF4B-00C04F79EFBC}") = "FirstMapper.Tests", "FirstMapper.Tests\FirstMapper.Tests.csproj", "{733DCF38-F957-4140-A035-CCD975FC4935}"
EndProject
Global
	GlobalSection(SolutionConfigurationPlatforms) = preSolution
		Debug|Any CPU = Debug|Any CPU
		Release|Any CPU = Release|Any CPU
	EndGlobalSection
	GlobalSection(ProjectConfigurationPlatforms) = postSolution
		{A2413EEE-3E3A-4CE6-B286-A71A589B5CAE}.Debug|Any CPU.ActiveCfg = Debug|Any CPU
		{A2413EEE-3E3A-4CE6-B286-A71A589B5CAE}.Debug|Any CPU.Build.0 = Debug|Any CPU
		{A2413EEE-3E3A-4CE6-B286-A71A589B5CAE}.Release|Any CPU.ActiveCfg = Release|Any CPU
		{A2413EEE-3E3A-4CE6-B286-A71A589B5CAE}.Release|Any CPU.Build.0 = Release|Any CPU
		{733DCF38-F957-4140-A035-CCD975FC4935}.Debug|Any CPU.ActiveCfg = Debug|Any CPU
		{733DCF38-F957-4140-A035-CCD975FC4935}.Debug|Any CPU.Build.0 = Debug|Any CPU
		{733DCF38-F957-4140-A035-CCD975FC4935}.Release|Any CPU.ActiveCfg = Release|Any CPU
		{733DCF38-F957-4140-A035-CCD975FC4935}.Release|Any CPU.Build.0 = Release|Any CPU
	EndGlobalSection
EndGlobal
